// !$*UTF8*$!
{
	archiveVersion = 1;
	classes = {
	};
	objectVersion = 50;
	objects = {

/* Begin PBXBuildFile section */
		050F5AE74F31DB69B7D2F105 /* Pods_B_Category.framework in Frameworks */ = {isa = PBXBuildFile; fileRef = E8002CCA6D53A59593980FF9 /* Pods_B_Category.framework */; };
		702CFA1A228D677E00B7F217 /* AppDelegate.m in Sources */ = {isa = PBXBuildFile; fileRef = 702CFA19228D677E00B7F217 /* AppDelegate.m */; };
		702CFA1D228D677E00B7F217 /* ViewController.m in Sources */ = {isa = PBXBuildFile; fileRef = 702CFA1C228D677E00B7F217 /* ViewController.m */; };
		702CFA20228D677E00B7F217 /* Main.storyboard in Resources */ = {isa = PBXBuildFile; fileRef = 702CFA1E228D677E00B7F217 /* Main.storyboard */; };
		702CFA22228D677E00B7F217 /* Assets.xcassets in Resources */ = {isa = PBXBuildFile; fileRef = 702CFA21228D677E00B7F217 /* Assets.xcassets */; };
		702CFA25228D677E00B7F217 /* LaunchScreen.storyboard in Resources */ = {isa = PBXBuildFile; fileRef = 702CFA23228D677E00B7F217 /* LaunchScreen.storyboard */; };
		702CFA28228D677E00B7F217 /* main.m in Sources */ = {isa = PBXBuildFile; fileRef = 702CFA27228D677E00B7F217 /* main.m */; };
		702CFA32228D677E00B7F217 /* B_CategoryTests.m in Sources */ = {isa = PBXBuildFile; fileRef = 702CFA31228D677E00B7F217 /* B_CategoryTests.m */; };
		702CFA3D228D677E00B7F217 /* B_CategoryUITests.m in Sources */ = {isa = PBXBuildFile; fileRef = 702CFA3C228D677E00B7F217 /* B_CategoryUITests.m */; };
		702CFA4D228D697400B7F217 /* CTMediator+B.m in Sources */ = {isa = PBXBuildFile; fileRef = 702CFA4C228D697400B7F217 /* CTMediator+B.m */; };
/* End PBXBuildFile section */

/* Begin PBXContainerItemProxy section */
		702CFA2E228D677E00B7F217 /* PBXContainerItemProxy */ = {
			isa = PBXContainerItemProxy;
			containerPortal = 702CFA0D228D677E00B7F217 /* Project object */;
			proxyType = 1;
			remoteGlobalIDString = 702CFA14228D677E00B7F217;
			remoteInfo = B_Category;
		};
		702CFA39228D677E00B7F217 /* PBXContainerItemProxy */ = {
			isa = PBXContainerItemProxy;
			containerPortal = 702CFA0D228D677E00B7F217 /* Project object */;
			proxyType = 1;
			remoteGlobalIDString = 702CFA14228D677E00B7F217;
			remoteInfo = B_Category;
		};
/* End PBXContainerItemProxy section */

/* Begin PBXFileReference section */
		33E187AFF453F3EA8879B938 /* Pods-B_Category.release.xcconfig */ = {isa = PBXFileReference; includeInIndex = 1; lastKnownFileType = text.xcconfig; name = "Pods-B_Category.release.xcconfig"; path = "Pods/Target Support Files/Pods-B_Category/Pods-B_Category.release.xcconfig"; sourceTree = "<group>"; };
		36504A5CF23597FA3AB8A8A9 /* Pods-B_Category.debug.xcconfig */ = {isa = PBXFileReference; includeInIndex = 1; lastKnownFileType = text.xcconfig; name = "Pods-B_Category.debug.xcconfig"; path = "Pods/Target Support Files/Pods-B_Category/Pods-B_Category.debug.xcconfig"; sourceTree = "<group>"; };
		702CFA15228D677E00B7F217 /* B_Category.app */ = {isa = PBXFileReference; explicitFileType = wrapper.application; includeInIndex = 0; path = B_Category.app; sourceTree = BUILT_PRODUCTS_DIR; };
		702CFA18228D677E00B7F217 /* AppDelegate.h */ = {isa = PBXFileReference; lastKnownFileType = sourcecode.c.h; path = AppDelegate.h; sourceTree = "<group>"; };
		702CFA19228D677E00B7F217 /* AppDelegate.m */ = {isa = PBXFileReference; lastKnownFileType = sourcecode.c.objc; path = AppDelegate.m; sourceTree = "<group>"; };
		702CFA1B228D677E00B7F217 /* ViewController.h */ = {isa = PBXFileReference; lastKnownFileType = sourcecode.c.h; path = ViewController.h; sourceTree = "<group>"; };
		702CFA1C228D677E00B7F217 /* ViewController.m */ = {isa = PBXFileReference; lastKnownFileType = sourcecode.c.objc; path = ViewController.m; sourceTree = "<group>"; };
		702CFA1F228D677E00B7F217 /* Base */ = {isa = PBXFileReference; lastKnownFileType = file.storyboard; name = Base; path = Base.lproj/Main.storyboard; sourceTree = "<group>"; };
		702CFA21228D677E00B7F217 /* Assets.xcassets */ = {isa = PBXFileReference; lastKnownFileType = folder.assetcatalog; path = Assets.xcassets; sourceTree = "<group>"; };
		702CFA24228D677E00B7F217 /* Base */ = {isa = PBXFileReference; lastKnownFileType = file.storyboard; name = Base; path = Base.lproj/LaunchScreen.storyboard; sourceTree = "<group>"; };
		702CFA26228D677E00B7F217 /* Info.plist */ = {isa = PBXFileReference; lastKnownFileType = text.plist.xml; path = Info.plist; sourceTree = "<group>"; };
		702CFA27228D677E00B7F217 /* main.m */ = {isa = PBXFileReference; lastKnownFileType = sourcecode.c.objc; path = main.m; sourceTree = "<group>"; };
		702CFA2D228D677E00B7F217 /* B_CategoryTests.xctest */ = {isa = PBXFileReference; explicitFileType = wrapper.cfbundle; includeInIndex = 0; path = B_CategoryTests.xctest; sourceTree = BUILT_PRODUCTS_DIR; };
		702CFA31228D677E00B7F217 /* B_CategoryTests.m */ = {isa = PBXFileReference; lastKnownFileType = sourcecode.c.objc; path = B_CategoryTests.m; sourceTree = "<group>"; };
		702CFA33228D677E00B7F217 /* Info.plist */ = {isa = PBXFileReference; lastKnownFileType = text.plist.xml; path = Info.plist; sourceTree = "<group>"; };
		702CFA38228D677E00B7F217 /* B_CategoryUITests.xctest */ = {isa = PBXFileReference; explicitFileType = wrapper.cfbundle; includeInIndex = 0; path = B_CategoryUITests.xctest; sourceTree = BUILT_PRODUCTS_DIR; };
		702CFA3C228D677E00B7F217 /* B_CategoryUITests.m */ = {isa = PBXFileReference; lastKnownFileType = sourcecode.c.objc; path = B_CategoryUITests.m; sourceTree = "<group>"; };
		702CFA3E228D677E00B7F217 /* Info.plist */ = {isa = PBXFileReference; lastKnownFileType = text.plist.xml; path = Info.plist; sourceTree = "<group>"; };
		702CFA4B228D697400B7F217 /* CTMediator+B.h */ = {isa = PBXFileReference; lastKnownFileType = sourcecode.c.h; path = "CTMediator+B.h"; sourceTree = "<group>"; };
		702CFA4C228D697400B7F217 /* CTMediator+B.m */ = {isa = PBXFileReference; lastKnownFileType = sourcecode.c.objc; path = "CTMediator+B.m"; sourceTree = "<group>"; };
		E8002CCA6D53A59593980FF9 /* Pods_B_Category.framework */ = {isa = PBXFileReference; explicitFileType = wrapper.framework; includeInIndex = 0; path = Pods_B_Category.framework; sourceTree = BUILT_PRODUCTS_DIR; };
/* End PBXFileReference section */

/* Begin PBXFrameworksBuildPhase section */
		702CFA12228D677E00B7F217 /* Frameworks */ = {
			isa = PBXFrameworksBuildPhase;
			buildActionMask = 2147483647;
			files = (
				050F5AE74F31DB69B7D2F105 /* Pods_B_Category.framework in Frameworks */,
			);
			runOnlyForDeploymentPostprocessing = 0;
		};
		702CFA2A228D677E00B7F217 /* Frameworks */ = {
			isa = PBXFrameworksBuildPhase;
			buildActionMask = 2147483647;
			files = (
			);
			runOnlyForDeploymentPostprocessing = 0;
		};
		702CFA35228D677E00B7F217 /* Frameworks */ = {
			isa = PBXFrameworksBuildPhase;
			buildActionMask = 2147483647;
			files = (
			);
			runOnlyForDeploymentPostprocessing = 0;
		};
/* End PBXFrameworksBuildPhase section */

/* Begin PBXGroup section */
		660FCB4C0D3AB67D5EC015A6 /* Frameworks */ = {
			isa = PBXGroup;
			children = (
				E8002CCA6D53A59593980FF9 /* Pods_B_Category.framework */,
			);
			name = Frameworks;
			sourceTree = "<group>";
		};
		702CFA0C228D677E00B7F217 = {
			isa = PBXGroup;
			children = (
				702CFA17228D677E00B7F217 /* B_Category */,
				702CFA30228D677E00B7F217 /* B_CategoryTests */,
				702CFA3B228D677E00B7F217 /* B_CategoryUITests */,
				702CFA16228D677E00B7F217 /* Products */,
				F54757DD58C32D4C71B2411F /* Pods */,
				660FCB4C0D3AB67D5EC015A6 /* Frameworks */,
			);
			sourceTree = "<group>";
		};
		702CFA16228D677E00B7F217 /* Products */ = {
			isa = PBXGroup;
			children = (
				702CFA15228D677E00B7F217 /* B_Category.app */,
				702CFA2D228D677E00B7F217 /* B_CategoryTests.xctest */,
				702CFA38228D677E00B7F217 /* B_CategoryUITests.xctest */,
			);
			name = Products;
			sourceTree = "<group>";
		};
		702CFA17228D677E00B7F217 /* B_Category */ = {
			isa = PBXGroup;
			children = (
				702CFA4A228D68C500B7F217 /* B_Category */,
				702CFA18228D677E00B7F217 /* AppDelegate.h */,
				702CFA19228D677E00B7F217 /* AppDelegate.m */,
				702CFA1B228D677E00B7F217 /* ViewController.h */,
				702CFA1C228D677E00B7F217 /* ViewController.m */,
				702CFA1E228D677E00B7F217 /* Main.storyboard */,
				702CFA21228D677E00B7F217 /* Assets.xcassets */,
				702CFA23228D677E00B7F217 /* LaunchScreen.storyboard */,
				702CFA26228D677E00B7F217 /* Info.plist */,
				702CFA27228D677E00B7F217 /* main.m */,
			);
			path = B_Category;
			sourceTree = "<group>";
		};
		702CFA30228D677E00B7F217 /* B_CategoryTests */ = {
			isa = PBXGroup;
			children = (
				702CFA31228D677E00B7F217 /* B_CategoryTests.m */,
				702CFA33228D677E00B7F217 /* Info.plist */,
			);
			path = B_CategoryTests;
			sourceTree = "<group>";
		};
		702CFA3B228D677E00B7F217 /* B_CategoryUITests */ = {
			isa = PBXGroup;
			children = (
				702CFA3C228D677E00B7F217 /* B_CategoryUITests.m */,
				702CFA3E228D677E00B7F217 /* Info.plist */,
			);
			path = B_CategoryUITests;
			sourceTree = "<group>";
		};
		702CFA4A228D68C500B7F217 /* B_Category */ = {
			isa = PBXGroup;
			children = (
				702CFA4B228D697400B7F217 /* CTMediator+B.h */,
				702CFA4C228D697400B7F217 /* CTMediator+B.m */,
			);
			path = B_Category;
			sourceTree = "<group>";
		};
		F54757DD58C32D4C71B2411F /* Pods */ = {
			isa = PBXGroup;
			children = (
				36504A5CF23597FA3AB8A8A9 /* Pods-B_Category.debug.xcconfig */,
				33E187AFF453F3EA8879B938 /* Pods-B_Category.release.xcconfig */,
			);
			name = Pods;
			sourceTree = "<group>";
		};
/* End PBXGroup section */

/* Begin PBXNativeTarget section */
		702CFA14228D677E00B7F217 /* B_Category */ = {
			isa = PBXNativeTarget;
			buildConfigurationList = 702CFA41228D677E00B7F217 /* Build configuration list for PBXNativeTarget "B_Category" */;
			buildPhases = (
				AA0D7E35901C28D4882A98A0 /* [CP] Check Pods Manifest.lock */,
				702CFA11228D677E00B7F217 /* Sources */,
				702CFA12228D677E00B7F217 /* Frameworks */,
				702CFA13228D677E00B7F217 /* Resources */,
				E1E01D7C6D479F605289F818 /* [CP] Embed Pods Frameworks */,
			);
			buildRules = (
			);
			dependencies = (
			);
			name = B_Category;
			productName = B_Category;
			productReference = 702CFA15228D677E00B7F217 /* B_Category.app */;
			productType = "com.apple.product-type.application";
		};
		702CFA2C228D677E00B7F217 /* B_CategoryTests */ = {
			isa = PBXNativeTarget;
			buildConfigurationList = 702CFA44228D677E00B7F217 /* Build configuration list for PBXNativeTarget "B_CategoryTests" */;
			buildPhases = (
				702CFA29228D677E00B7F217 /* Sources */,
				702CFA2A228D677E00B7F217 /* Frameworks */,
				702CFA2B228D677E00B7F217 /* Resources */,
			);
			buildRules = (
			);
			dependencies = (
				702CFA2F228D677E00B7F217 /* PBXTargetDependency */,
			);
			name = B_CategoryTests;
			productName = B_CategoryTests;
			productReference = 702CFA2D228D677E00B7F217 /* B_CategoryTests.xctest */;
			productType = "com.apple.product-type.bundle.unit-test";
		};
		702CFA37228D677E00B7F217 /* B_CategoryUITests */ = {
			isa = PBXNativeTarget;
			buildConfigurationList = 702CFA47228D677E00B7F217 /* Build configuration list for PBXNativeTarget "B_CategoryUITests" */;
			buildPhases = (
				702CFA34228D677E00B7F217 /* Sources */,
				702CFA35228D677E00B7F217 /* Frameworks */,
				702CFA36228D677E00B7F217 /* Resources */,
			);
			buildRules = (
			);
			dependencies = (
				702CFA3A228D677E00B7F217 /* PBXTargetDependency */,
			);
			name = B_CategoryUITests;
			productName = B_CategoryUITests;
			productReference = 702CFA38228D677E00B7F217 /* B_CategoryUITests.xctest */;
			productType = "com.apple.product-type.bundle.ui-testing";
		};
/* End PBXNativeTarget section */

/* Begin PBXProject section */
		702CFA0D228D677E00B7F217 /* Project object */ = {
			isa = PBXProject;
			attributes = {
				LastUpgradeCheck = 1010;
				ORGANIZATIONNAME = felix;
				TargetAttributes = {
					702CFA14228D677E00B7F217 = {
						CreatedOnToolsVersion = 10.1;
					};
					702CFA2C228D677E00B7F217 = {
						CreatedOnToolsVersion = 10.1;
						TestTargetID = 702CFA14228D677E00B7F217;
					};
					702CFA37228D677E00B7F217 = {
						CreatedOnToolsVersion = 10.1;
						TestTargetID = 702CFA14228D677E00B7F217;
					};
				};
			};
			buildConfigurationList = 702CFA10228D677E00B7F217 /* Build configuration list for PBXProject "B_Category" */;
			compatibilityVersion = "Xcode 9.3";
			developmentRegion = en;
			hasScannedForEncodings = 0;
			knownRegions = (
				en,
				Base,
			);
			mainGroup = 702CFA0C228D677E00B7F217;
			productRefGroup = 702CFA16228D677E00B7F217 /* Products */;
			projectDirPath = "";
			projectRoot = "";
			targets = (
				702CFA14228D677E00B7F217 /* B_Category */,
				702CFA2C228D677E00B7F217 /* B_CategoryTests */,
				702CFA37228D677E00B7F217 /* B_CategoryUITests */,
			);
		};
/* End PBXProject section */

/* Begin PBXResourcesBuildPhase section */
		702CFA13228D677E00B7F217 /* Resources */ = {
			isa = PBXResourcesBuildPhase;
			buildActionMask = 2147483647;
			files = (
				702CFA25228D677E00B7F217 /* LaunchScreen.storyboard in Resources */,
				702CFA22228D677E00B7F217 /* Assets.xcassets in Resources */,
				702CFA20228D677E00B7F217 /* Main.storyboard in Resources */,
			);
			runOnlyForDeploymentPostprocessing = 0;
		};
		702CFA2B228D677E00B7F217 /* Resources */ = {
			isa = PBXResourcesBuildPhase;
			buildActionMask = 2147483647;
			files = (
			);
			runOnlyForDeploymentPostprocessing = 0;
		};
		702CFA36228D677E00B7F217 /* Resources */ = {
			isa = PBXResourcesBuildPhase;
			buildActionMask = 2147483647;
			files = (
			);
			runOnlyForDeploymentPostprocessing = 0;
		};
/* End PBXResourcesBuildPhase section */

/* Begin PBXShellScriptBuildPhase section */
		AA0D7E35901C28D4882A98A0 /* [CP] Check Pods Manifest.lock */ = {
			isa = PBXShellScriptBuildPhase;
			buildActionMask = 2147483647;
			files = (
			);
			inputFileListPaths = (
			);
			inputPaths = (
				"${PODS_PODFILE_DIR_PATH}/Podfile.lock",
				"${PODS_ROOT}/Manifest.lock",
			);
			name = "[CP] Check Pods Manifest.lock";
			outputFileListPaths = (
			);
			outputPaths = (
				"$(DERIVED_FILE_DIR)/Pods-B_Category-checkManifestLockResult.txt",
			);
			runOnlyForDeploymentPostprocessing = 0;
			shellPath = /bin/sh;
			shellScript = "diff \"${PODS_PODFILE_DIR_PATH}/Podfile.lock\" \"${PODS_ROOT}/Manifest.lock\" > /dev/null\nif [ $? != 0 ] ; then\n    # print error to STDERR\n    echo \"error: The sandbox is not in sync with the Podfile.lock. Run 'pod install' or update your CocoaPods installation.\" >&2\n    exit 1\nfi\n# This output is used by Xcode 'outputs' to avoid re-running this script phase.\necho \"SUCCESS\" > \"${SCRIPT_OUTPUT_FILE_0}\"\n";
			showEnvVarsInLog = 0;
		};
		E1E01D7C6D479F605289F818 /* [CP] Embed Pods Frameworks */ = {
			isa = PBXShellScriptBuildPhase;
			buildActionMask = 2147483647;
			files = (
			);
			inputFileListPaths = (
			);
			inputPaths = (
				"${SRCROOT}/Pods/Target Support Files/Pods-B_Category/Pods-B_Category-frameworks.sh",
				"${BUILT_PRODUCTS_DIR}/CTMediator/CTMediator.framework",
			);
			name = "[CP] Embed Pods Frameworks";
			outputFileListPaths = (
			);
			outputPaths = (
				"${TARGET_BUILD_DIR}/${FRAMEWORKS_FOLDER_PATH}/CTMediator.framework",
			);
			runOnlyForDeploymentPostprocessing = 0;
			shellPath = /bin/sh;
			shellScript = "\"${SRCROOT}/Pods/Target Support Files/Pods-B_Category/Pods-B_Category-frameworks.sh\"\n";
			showEnvVarsInLog = 0;
		};
/* End PBXShellScriptBuildPhase section */

/* Begin PBXSourcesBuildPhase section */
		702CFA11228D677E00B7F217 /* Sources */ = {
			isa = PBXSourcesBuildPhase;
			buildActionMask = 2147483647;
			files = (
				702CFA1D228D677E00B7F217 /* ViewController.m in Sources */,
				702CFA28228D677E00B7F217 /* main.m in Sources */,
				702CFA4D228D697400B7F217 /* CTMediator+B.m in Sources */,
				702CFA1A228D677E00B7F217 /* AppDelegate.m in Sources */,
			);
			runOnlyForDeploymentPostprocessing = 0;
		};
		702CFA29228D677E00B7F217 /* Sources */ = {
			isa = PBXSourcesBuildPhase;
			buildActionMask = 2147483647;
			files = (
				702CFA32228D677E00B7F217 /* B_CategoryTests.m in Sources */,
			);
			runOnlyForDeploymentPostprocessing = 0;
		};
		702CFA34228D677E00B7F217 /* Sources */ = {
			isa = PBXSourcesBuildPhase;
			buildActionMask = 2147483647;
			files = (
				702CFA3D228D677E00B7F217 /* B_CategoryUITests.m in Sources */,
			);
			runOnlyForDeploymentPostprocessing = 0;
		};
/* End PBXSourcesBuildPhase section */

/* Begin PBXTargetDependency section */
		702CFA2F228D677E00B7F217 /* PBXTargetDependency */ = {
			isa = PBXTargetDependency;
			target = 702CFA14228D677E00B7F217 /* B_Category */;
			targetProxy = 702CFA2E228D677E00B7F217 /* PBXContainerItemProxy */;
		};
		702CFA3A228D677E00B7F217 /* PBXTargetDependency */ = {
			isa = PBXTargetDependency;
			target = 702CFA14228D677E00B7F217 /* B_Category */;
			targetProxy = 702CFA39228D677E00B7F217 /* PBXContainerItemProxy */;
		};
/* End PBXTargetDependency section */

/* Begin PBXVariantGroup section */
		702CFA1E228D677E00B7F217 /* Main.storyboard */ = {
			isa = PBXVariantGroup;
			children = (
				702CFA1F228D677E00B7F217 /* Base */,
			);
			name = Main.storyboard;
			sourceTree = "<group>";
		};
		702CFA23228D677E00B7F217 /* LaunchScreen.storyboard */ = {
			isa = PBXVariantGroup;
			children = (
				702CFA24228D677E00B7F217 /* Base */,
			);
			name = LaunchScreen.storyboard;
			sourceTree = "<group>";
		};
/* End PBXVariantGroup section */

/* Begin XCBuildConfiguration section */
		702CFA3F228D677E00B7F217 /* Debug */ = {
			isa = XCBuildConfiguration;
			buildSettings = {
				ALWAYS_SEARCH_USER_PATHS = NO;
				CLANG_ANALYZER_NONNULL = YES;
				CLANG_ANALYZER_NUMBER_OBJECT_CONVERSION = YES_AGGRESSIVE;
				CLANG_CXX_LANGUAGE_STANDARD = "gnu++14";
				CLANG_CXX_LIBRARY = "libc++";
				CLANG_ENABLE_MODULES = YES;
				CLANG_ENABLE_OBJC_ARC = YES;
				CLANG_ENABLE_OBJC_WEAK = YES;
				CLANG_WARN_BLOCK_CAPTURE_AUTORELEASING = YES;
				CLANG_WARN_BOOL_CONVERSION = YES;
				CLANG_WARN_COMMA = YES;
				CLANG_WARN_CONSTANT_CONVERSION = YES;
				CLANG_WARN_DEPRECATED_OBJC_IMPLEMENTATIONS = YES;
				CLANG_WARN_DIRECT_OBJC_ISA_USAGE = YES_ERROR;
				CLANG_WARN_DOCUMENTATION_COMMENTS = YES;
				CLANG_WARN_EMPTY_BODY = YES;
				CLANG_WARN_ENUM_CONVERSION = YES;
				CLANG_WARN_INFINITE_RECURSION = YES;
				CLANG_WARN_INT_CONVERSION = YES;
				CLANG_WARN_NON_LITERAL_NULL_CONVERSION = YES;
				CLANG_WARN_OBJC_IMPLICIT_RETAIN_SELF = YES;
				CLANG_WARN_OBJC_LITERAL_CONVERSION = YES;
				CLANG_WARN_OBJC_ROOT_CLASS = YES_ERROR;
				CLANG_WARN_RANGE_LOOP_ANALYSIS = YES;
				CLANG_WARN_STRICT_PROTOTYPES = YES;
				CLANG_WARN_SUSPICIOUS_MOVE = YES;
				CLANG_WARN_UNGUARDED_AVAILABILITY = YES_AGGRESSIVE;
				CLANG_WARN_UNREACHABLE_CODE = YES;
				CLANG_WARN__DUPLICATE_METHOD_MATCH = YES;
				CODE_SIGN_IDENTITY = "iPhone Developer";
				COPY_PHASE_STRIP = NO;
				DEBUG_INFORMATION_FORMAT = dwarf;
				ENABLE_STRICT_OBJC_MSGSEND = YES;
				ENABLE_TESTABILITY = YES;
				GCC_C_LANGUAGE_STANDARD = gnu11;
				GCC_DYNAMIC_NO_PIC = NO;
				GCC_NO_COMMON_BLOCKS = YES;
				GCC_OPTIMIZATION_LEVEL = 0;
				GCC_PREPROCESSOR_DEFINITIONS = (
					"DEBUG=1",
					"$(inherited)",
				);
				GCC_WARN_64_TO_32_BIT_CONVERSION = YES;
				GCC_WARN_ABOUT_RETURN_TYPE = YES_ERROR;
				GCC_WARN_UNDECLARED_SELECTOR = YES;
				GCC_WARN_UNINITIALIZED_AUTOS = YES_AGGRESSIVE;
				GCC_WARN_UNUSED_FUNCTION = YES;
				GCC_WARN_UNUSED_VARIABLE = YES;
				IPHONEOS_DEPLOYMENT_TARGET = 12.1;
				MTL_ENABLE_DEBUG_INFO = INCLUDE_SOURCE;
				MTL_FAST_MATH = YES;
				ONLY_ACTIVE_ARCH = YES;
				SDKROOT = iphoneos;
			};
			name = Debug;
		};
		702CFA40228D677E00B7F217 /* Release */ = {
			isa = XCBuildConfiguration;
			buildSettings = {
				ALWAYS_SEARCH_USER_PATHS = NO;
				CLANG_ANALYZER_NONNULL = YES;
				CLANG_ANALYZER_NUMBER_OBJECT_CONVERSION = YES_AGGRESSIVE;
				CLANG_CXX_LANGUAGE_STANDARD = "gnu++14";
				CLANG_CXX_LIBRARY = "libc++";
				CLANG_ENABLE_MODULES = YES;
				CLANG_ENABLE_OBJC_ARC = YES;
				CLANG_ENABLE_OBJC_WEAK = YES;
				CLANG_WARN_BLOCK_CAPTURE_AUTORELEASING = YES;
				CLANG_WARN_BOOL_CONVERSION = YES;
				CLANG_WARN_COMMA = YES;
				CLANG_WARN_CONSTANT_CONVERSION = YES;
				CLANG_WARN_DEPRECATED_OBJC_IMPLEMENTATIONS = YES;
				CLANG_WARN_DIRECT_OBJC_ISA_USAGE = YES_ERROR;
				CLANG_WARN_DOCUMENTATION_COMMENTS = YES;
				CLANG_WARN_EMPTY_BODY = YES;
				CLANG_WARN_ENUM_CONVERSION = YES;
				CLANG_WARN_INFINITE_RECURSION = YES;
				CLANG_WARN_INT_CONVERSION = YES;
				CLANG_WARN_NON_LITERAL_NULL_CONVERSION = YES;
				CLANG_WARN_OBJC_IMPLICIT_RETAIN_SELF = YES;
				CLANG_WARN_OBJC_LITERAL_CONVERSION = YES;
				CLANG_WARN_OBJC_ROOT_CLASS = YES_ERROR;
				CLANG_WARN_RANGE_LOOP_ANALYSIS = YES;
				CLANG_WARN_STRICT_PROTOTYPES = YES;
				CLANG_WARN_SUSPICIOUS_MOVE = YES;
				CLANG_WARN_UNGUARDED_AVAILABILITY = YES_AGGRESSIVE;
				CLANG_WARN_UNREACHABLE_CODE = YES;
				CLANG_WARN__DUPLICATE_METHOD_MATCH = YES;
				CODE_SIGN_IDENTITY = "iPhone Developer";
				COPY_PHASE_STRIP = NO;
				DEBUG_INFORMATION_FORMAT = "dwarf-with-dsym";
				ENABLE_NS_ASSERTIONS = NO;
				ENABLE_STRICT_OBJC_MSGSEND = YES;
				GCC_C_LANGUAGE_STANDARD = gnu11;
				GCC_NO_COMMON_BLOCKS = YES;
				GCC_WARN_64_TO_32_BIT_CONVERSION = YES;
				GCC_WARN_ABOUT_RETURN_TYPE = YES_ERROR;
				GCC_WARN_UNDECLARED_SELECTOR = YES;
				GCC_WARN_UNINITIALIZED_AUTOS = YES_AGGRESSIVE;
				GCC_WARN_UNUSED_FUNCTION = YES;
				GCC_WARN_UNUSED_VARIABLE = YES;
				IPHONEOS_DEPLOYMENT_TARGET = 12.1;
				MTL_ENABLE_DEBUG_INFO = NO;
				MTL_FAST_MATH = YES;
				SDKROOT = iphoneos;
				VALIDATE_PRODUCT = YES;
			};
			name = Release;
		};
		702CFA42228D677E00B7F217 /* Debug */ = {
			isa = XCBuildConfiguration;
			baseConfigurationReference = 36504A5CF23597FA3AB8A8A9 /* Pods-B_Category.debug.xcconfig */;
			buildSettings = {
				ASSETCATALOG_COMPILER_APPICON_NAME = AppIcon;
				CODE_SIGN_STYLE = Automatic;
				INFOPLIST_FILE = B_Category/Info.plist;
				LD_RUNPATH_SEARCH_PATHS = (
					"$(inherited)",
					"@executable_path/Frameworks",
				);
				PRODUCT_BUNDLE_IDENTIFIER = "felix.B-Category";
				PRODUCT_NAME = "$(TARGET_NAME)";
				TARGETED_DEVICE_FAMILY = "1,2";
			};
			name = Debug;
		};
		702CFA43228D677E00B7F217 /* Release */ = {
			isa = XCBuildConfiguration;
			baseConfigurationReference = 33E187AFF453F3EA8879B938 /* Pods-B_Category.release.xcconfig */;
			buildSettings = {
				ASSETCATALOG_COMPILER_APPICON_NAME = AppIcon;
				CODE_SIGN_STYLE = Automatic;
				INFOPLIST_FILE = B_Category/Info.plist;
				LD_RUNPATH_SEARCH_PATHS = (
					"$(inherited)",
					"@executable_path/Frameworks",
				);
				PRODUCT_BUNDLE_IDENTIFIER = "felix.B-Category";
				PRODUCT_NAME = "$(TARGET_NAME)";
				TARGETED_DEVICE_FAMILY = "1,2";
			};
			name = Release;
		};
		702CFA45228D677E00B7F217 /* Debug */ = {
			isa = XCBuildConfiguration;
			buildSettings = {
				BUNDLE_LOADER = "$(TEST_HOST)";
				CODE_SIGN_STYLE = Automatic;
				INFOPLIST_FILE = B_CategoryTests/Info.plist;
				LD_RUNPATH_SEARCH_PATHS = (
					"$(inherited)",
					"@executable_path/Frameworks",
					"@loader_path/Frameworks",
				);
				PRODUCT_BUNDLE_IDENTIFIER = "felix.B-CategoryTests";
				PRODUCT_NAME = "$(TARGET_NAME)";
				TARGETED_DEVICE_FAMILY = "1,2";
				TEST_HOST = "$(BUILT_PRODUCTS_DIR)/B_Category.app/B_Category";
			};
			name = Debug;
		};
		702CFA46228D677E00B7F217 /* Release */ = {
			isa = XCBuildConfiguration;
			buildSettings = {
				BUNDLE_LOADER = "$(TEST_HOST)";
				CODE_SIGN_STYLE = Automatic;
				INFOPLIST_FILE = B_CategoryTests/Info.plist;
				LD_RUNPATH_SEARCH_PATHS = (
					"$(inherited)",
					"@executable_path/Frameworks",
					"@loader_path/Frameworks",
				);
				PRODUCT_BUNDLE_IDENTIFIER = "felix.B-CategoryTests";
				PRODUCT_NAME = "$(TARGET_NAME)";
				TARGETED_DEVICE_FAMILY = "1,2";
				TEST_HOST = "$(BUILT_PRODUCTS_DIR)/B_Category.app/B_Category";
			};
			name = Release;
		};
		702CFA48228D677E00B7F217 /* Debug */ = {
			isa = XCBuildConfiguration;
			buildSettings = {
				CODE_SIGN_STYLE = Automatic;
				INFOPLIST_FILE = B_CategoryUITests/Info.plist;
				LD_RUNPATH_SEARCH_PATHS = (
					"$(inherited)",
					"@executable_path/Frameworks",
					"@loader_path/Frameworks",
				);
				PRODUCT_BUNDLE_IDENTIFIER = "felix.B-CategoryUITests";
				PRODUCT_NAME = "$(TARGET_NAME)";
				TARGETED_DEVICE_FAMILY = "1,2";
				TEST_TARGET_NAME = B_Category;
			};
			name = Debug;
		};
		702CFA49228D677E00B7F217 /* Release */ = {
			isa = XCBuildConfiguration;
			buildSettings = {
				CODE_SIGN_STYLE = Automatic;
				INFOPLIST_FILE = B_CategoryUITests/Info.plist;
				LD_RUNPATH_SEARCH_PATHS = (
					"$(inherited)",
					"@executable_path/Frameworks",
					"@loader_path/Frameworks",
				);
				PRODUCT_BUNDLE_IDENTIFIER = "felix.B-CategoryUITests";
				PRODUCT_NAME = "$(TARGET_NAME)";
				TARGETED_DEVICE_FAMILY = "1,2";
				TEST_TARGET_NAME = B_Category;
			};
			name = Release;
		};
/* End XCBuildConfiguration section */

/* Begin XCConfigurationList section */
		702CFA10228D677E00B7F217 /* Build configuration list for PBXProject "B_Category" */ = {
			isa = XCConfigurationList;
			buildConfigurations = (
				702CFA3F228D677E00B7F217 /* Debug */,
				702CFA40228D677E00B7F217 /* Release */,
			);
			defaultConfigurationIsVisible = 0;
			defaultConfigurationName = Release;
		};
		702CFA41228D677E00B7F217 /* Build configuration list for PBXNativeTarget "B_Category" */ = {
			isa = XCConfigurationList;
			buildConfigurations = (
				702CFA42228D677E00B7F217 /* Debug */,
				702CFA43228D677E00B7F217 /* Release */,
			);
			defaultConfigurationIsVisible = 0;
			defaultConfigurationName = Release;
		};
		702CFA44228D677E00B7F217 /* Build configuration list for PBXNativeTarget "B_CategoryTests" */ = {
			isa = XCConfigurationList;
			buildConfigurations = (
				702CFA45228D677E00B7F217 /* Debug */,
				702CFA46228D677E00B7F217 /* Release */,
			);
			defaultConfigurationIsVisible = 0;
			defaultConfigurationName = Release;
		};
		702CFA47228D677E00B7F217 /* Build configuration list for PBXNativeTarget "B_CategoryUITests" */ = {
			isa = XCConfigurationList;
			buildConfigurations = (
				702CFA48228D677E00B7F217 /* Debug */,
				702CFA49228D677E00B7F217 /* Release */,
			);
			defaultConfigurationIsVisible = 0;
			defaultConfigurationName = Release;
		};
/* End XCConfigurationList section */
	};
	rootObject = 702CFA0D228D677E00B7F217 /* Project object */;
}
